# @generated - this file is auto-generated by `mise lock` https://mise.jdx.dev/dev-tools/mise-lock.html

[[tools."github:aovestdipaperino/tokensave"]]
version = "7.0.2"
backend = "github:aovestdipaperino/tokensave"

[tools."github:aovestdipaperino/tokensave"."platforms.linux-arm64"]
checksum = "sha256:69c88d0617036d44f2620f5779cd8578fad77664c2373d64de632b8e346ad334"
url = "https://github.com/aovestdipaperino/tokensave/releases/download/v7.0.2/tokensave-v7.0.2-aarch64-linux.tar.gz"
url_api = "https://api.github.com/repos/aovestdipaperino/tokensave/releases/assets/456740745"

[tools."github:aovestdipaperino/tokensave"."platforms.linux-arm64-musl"]
checksum = "sha256:69c88d0617036d44f2620f5779cd8578fad77664c2373d64de632b8e346ad334"
url = "https://github.com/aovestdipaperino/tokensave/releases/download/v7.0.2/tokensave-v7.0.2-aarch64-linux.tar.gz"
url_api = "https://api.github.com/repos/aovestdipaperino/tokensave/releases/assets/456740745"

[tools."github:aovestdipaperino/tokensave"."platforms.linux-x64"]
checksum = "sha256:d35519fe698a24d2e2bb5622e94b3bdb4794dc1e36acffc980260b50afb40460"
url = "https://github.com/aovestdipaperino/tokensave/releases/download/v7.0.2/tokensave-v7.0.2-x86_64-linux.tar.gz"
url_api = "https://api.github.com/repos/aovestdipaperino/tokensave/releases/assets/456741871"

[tools."github:aovestdipaperino/tokensave"."platforms.linux-x64-musl"]
checksum = "sha256:d35519fe698a24d2e2bb5622e94b3bdb4794dc1e36acffc980260b50afb40460"
url = "https://github.com/aovestdipaperino/tokensave/releases/download/v7.0.2/tokensave-v7.0.2-x86_64-linux.tar.gz"
url_api = "https://api.github.com/repos/aovestdipaperino/tokensave/releases/assets/456741871"

[tools."github:aovestdipaperino/tokensave"."platforms.macos-arm64"]
checksum = "sha256:6d0e07aba5b63df278409feabea54bdd0da82ec63d633cd975ea353773c4efee"
url = "https://github.com/aovestdipaperino/tokensave/releases/download/v7.0.2/tokensave-v7.0.2-aarch64-macos.tar.gz"
url_api = "https://api.github.com/repos/aovestdipaperino/tokensave/releases/assets/456743484"

[tools."github:aovestdipaperino/tokensave"."platforms.windows-x64"]
checksum = "sha256:85f90d358c5f4713b5ac7274f4fa46e985fabc5b76c843ea8456b0d74e1cdd02"
url = "https://github.com/aovestdipaperino/tokensave/releases/download/v7.0.2/tokensave-v7.0.2-x86_64-windows.zip"
url_api = "https://api.github.com/repos/aovestdipaperino/tokensave/releases/assets/456750821"
