# @generated - this file is auto-generated by `mise lock` https://mise.jdx.dev/dev-tools/mise-lock.html

[[tools."github:aovestdipaperino/tokensave"]]
version = "7.11.1"
backend = "github:aovestdipaperino/tokensave"

[tools."github:aovestdipaperino/tokensave"."platforms.linux-arm64"]
checksum = "sha256:3acaa6bd715b29868fb874a5f720130bf10e8bc5c261bd420ad46ee622bd9ab5"
url = "https://github.com/aovestdipaperino/tokensave/releases/download/v7.11.1/tokensave-v7.11.1-aarch64-linux.tar.gz"
url_api = "https://api.github.com/repos/aovestdipaperino/tokensave/releases/assets/547745931"

[tools."github:aovestdipaperino/tokensave"."platforms.linux-arm64-musl"]
checksum = "sha256:3acaa6bd715b29868fb874a5f720130bf10e8bc5c261bd420ad46ee622bd9ab5"
url = "https://github.com/aovestdipaperino/tokensave/releases/download/v7.11.1/tokensave-v7.11.1-aarch64-linux.tar.gz"
url_api = "https://api.github.com/repos/aovestdipaperino/tokensave/releases/assets/547745931"

[tools."github:aovestdipaperino/tokensave"."platforms.linux-x64"]
checksum = "sha256:69759ec237ff26a15c8ac02fa989da850276ced2504c0a2e6ded7c3ac471e9cd"
url = "https://github.com/aovestdipaperino/tokensave/releases/download/v7.11.1/tokensave-v7.11.1-x86_64-linux.tar.gz"
url_api = "https://api.github.com/repos/aovestdipaperino/tokensave/releases/assets/547747284"

[tools."github:aovestdipaperino/tokensave"."platforms.linux-x64-musl"]
checksum = "sha256:69759ec237ff26a15c8ac02fa989da850276ced2504c0a2e6ded7c3ac471e9cd"
url = "https://github.com/aovestdipaperino/tokensave/releases/download/v7.11.1/tokensave-v7.11.1-x86_64-linux.tar.gz"
url_api = "https://api.github.com/repos/aovestdipaperino/tokensave/releases/assets/547747284"

[tools."github:aovestdipaperino/tokensave"."platforms.macos-arm64"]
checksum = "sha256:22fb2e206f0df39c5c726165941fbfb254761422f14402c7251864f59da01aca"
url = "https://github.com/aovestdipaperino/tokensave/releases/download/v7.11.1/tokensave-v7.11.1-aarch64-macos.tar.gz"
url_api = "https://api.github.com/repos/aovestdipaperino/tokensave/releases/assets/547748580"

[tools."github:aovestdipaperino/tokensave"."platforms.windows-x64"]
checksum = "sha256:ce388abea118fbd5a5257341bf47af94464993ca7c517c81be42009a5aa1a676"
url = "https://github.com/aovestdipaperino/tokensave/releases/download/v7.11.1/tokensave-v7.11.1-x86_64-windows.zip"
url_api = "https://api.github.com/repos/aovestdipaperino/tokensave/releases/assets/551321147"
