# @generated - this file is auto-generated by `mise lock` https://mise.jdx.dev/dev-tools/mise-lock.html

[[tools."github:aovestdipaperino/tokensave"]]
version = "7.12.1"
backend = "github:aovestdipaperino/tokensave"

[tools."github:aovestdipaperino/tokensave"."platforms.linux-arm64"]
checksum = "sha256:7de5c95b51d508f39a83d9420ad0700502de107a61dbb38dad3d008d4f6f4261"
url = "https://github.com/aovestdipaperino/tokensave/releases/download/v7.12.1/tokensave-v7.12.1-aarch64-linux.tar.gz"
url_api = "https://api.github.com/repos/aovestdipaperino/tokensave/releases/assets/559646612"

[tools."github:aovestdipaperino/tokensave"."platforms.linux-arm64-musl"]
checksum = "sha256:7de5c95b51d508f39a83d9420ad0700502de107a61dbb38dad3d008d4f6f4261"
url = "https://github.com/aovestdipaperino/tokensave/releases/download/v7.12.1/tokensave-v7.12.1-aarch64-linux.tar.gz"
url_api = "https://api.github.com/repos/aovestdipaperino/tokensave/releases/assets/559646612"

[tools."github:aovestdipaperino/tokensave"."platforms.linux-x64"]
checksum = "sha256:184612db16800e384a1bcdc7fadcc53fa73bda70240f9c0416ac4b88c7e924fb"
url = "https://github.com/aovestdipaperino/tokensave/releases/download/v7.12.1/tokensave-v7.12.1-x86_64-linux.tar.gz"
url_api = "https://api.github.com/repos/aovestdipaperino/tokensave/releases/assets/559648987"

[tools."github:aovestdipaperino/tokensave"."platforms.linux-x64-musl"]
checksum = "sha256:184612db16800e384a1bcdc7fadcc53fa73bda70240f9c0416ac4b88c7e924fb"
url = "https://github.com/aovestdipaperino/tokensave/releases/download/v7.12.1/tokensave-v7.12.1-x86_64-linux.tar.gz"
url_api = "https://api.github.com/repos/aovestdipaperino/tokensave/releases/assets/559648987"

[tools."github:aovestdipaperino/tokensave"."platforms.macos-arm64"]
checksum = "sha256:4b0809faccc14da7970ad6835d299cfd630fc050c2fd92f393342944c5572d0a"
url = "https://github.com/aovestdipaperino/tokensave/releases/download/v7.12.1/tokensave-v7.12.1-aarch64-macos.tar.gz"
url_api = "https://api.github.com/repos/aovestdipaperino/tokensave/releases/assets/559653059"

[tools."github:aovestdipaperino/tokensave"."platforms.windows-x64"]
checksum = "sha256:9473646982ecadd6ded2bacb5abb238c10c25f4dac77e9f2eaa86e3baf0784c7"
url = "https://github.com/aovestdipaperino/tokensave/releases/download/v7.12.1/tokensave-v7.12.1-x86_64-windows.zip"
url_api = "https://api.github.com/repos/aovestdipaperino/tokensave/releases/assets/559655429"
