# @generated - this file is auto-generated by `mise lock` https://mise.jdx.dev/dev-tools/mise-lock.html

[[tools."github:DeusData/codebase-memory-mcp"]]
version = "0.10.8"
backend = "github:DeusData/codebase-memory-mcp"

[tools."github:DeusData/codebase-memory-mcp"."platforms.linux-arm64"]
checksum = "sha256:e2804a20f5a6fc392af361525a232703e351b7d1aacb81b88eef806eec5959fa"
url = "https://github.com/DeusData/codebase-memory-mcp/releases/download/v0.10.8/codebase-memory-mcp-linux-arm64.tar.gz"
url_api = "https://api.github.com/repos/DeusData/codebase-memory-mcp/releases/assets/520282426"
provenance = "github-attestations"

[tools."github:DeusData/codebase-memory-mcp"."platforms.linux-arm64-musl"]
checksum = "sha256:e2804a20f5a6fc392af361525a232703e351b7d1aacb81b88eef806eec5959fa"
url = "https://github.com/DeusData/codebase-memory-mcp/releases/download/v0.10.8/codebase-memory-mcp-linux-arm64.tar.gz"
url_api = "https://api.github.com/repos/DeusData/codebase-memory-mcp/releases/assets/520282426"
provenance = "github-attestations"

[tools."github:DeusData/codebase-memory-mcp"."platforms.linux-x64"]
checksum = "sha256:e5cba4cad6ca8254a85f45041fc8a831908d7d5cb64f98fc3f8eb70a58671793"
url = "https://github.com/DeusData/codebase-memory-mcp/releases/download/v0.10.8/codebase-memory-mcp-linux-amd64.tar.gz"
url_api = "https://api.github.com/repos/DeusData/codebase-memory-mcp/releases/assets/520282421"
provenance = "github-attestations"
provenance_verified = true

[tools."github:DeusData/codebase-memory-mcp"."platforms.linux-x64-musl"]
checksum = "sha256:e5cba4cad6ca8254a85f45041fc8a831908d7d5cb64f98fc3f8eb70a58671793"
url = "https://github.com/DeusData/codebase-memory-mcp/releases/download/v0.10.8/codebase-memory-mcp-linux-amd64.tar.gz"
url_api = "https://api.github.com/repos/DeusData/codebase-memory-mcp/releases/assets/520282421"
provenance = "github-attestations"

[tools."github:DeusData/codebase-memory-mcp"."platforms.macos-arm64"]
checksum = "sha256:9bd840dfb3ec7eaef4f310382057adaa5b0e904df883104d03ffcf39836afd07"
url = "https://github.com/DeusData/codebase-memory-mcp/releases/download/v0.10.8/codebase-memory-mcp-darwin-arm64.tar.gz"
url_api = "https://api.github.com/repos/DeusData/codebase-memory-mcp/releases/assets/520282436"
provenance = "github-attestations"

[tools."github:DeusData/codebase-memory-mcp"."platforms.macos-x64"]
checksum = "sha256:2b193085410af3801634a522f4b17dcd6699695e015a068393c87817c1d260d4"
url = "https://github.com/DeusData/codebase-memory-mcp/releases/download/v0.10.8/codebase-memory-mcp-darwin-amd64.tar.gz"
url_api = "https://api.github.com/repos/DeusData/codebase-memory-mcp/releases/assets/520282435"
provenance = "github-attestations"

[tools."github:DeusData/codebase-memory-mcp"."platforms.windows-x64"]
checksum = "sha256:b43ad982994c4d829670749e08d3b622a74bb20041fc0a7d02bef6113f81c34d"
url = "https://github.com/DeusData/codebase-memory-mcp/releases/download/v0.10.8/codebase-memory-mcp-windows-amd64.zip"
url_api = "https://api.github.com/repos/DeusData/codebase-memory-mcp/releases/assets/520282424"
provenance = "github-attestations"
