# @generated - this file is auto-generated by `mise lock` https://mise.jdx.dev/dev-tools/mise-lock.html

[[tools."github:DeusData/codebase-memory-mcp"]]
version = "0.9.0"
backend = "github:DeusData/codebase-memory-mcp"

[tools."github:DeusData/codebase-memory-mcp"."platforms.linux-arm64"]
checksum = "sha256:68a345d9a6842f02a3cb07e187b28bc38c4f3a22967f47fadbcd0757ba93a680"
url = "https://github.com/DeusData/codebase-memory-mcp/releases/download/v0.9.0/codebase-memory-mcp-linux-arm64.tar.gz"
url_api = "https://api.github.com/repos/DeusData/codebase-memory-mcp/releases/assets/470188791"
provenance = "github-attestations"

[tools."github:DeusData/codebase-memory-mcp"."platforms.linux-arm64-musl"]
checksum = "sha256:68a345d9a6842f02a3cb07e187b28bc38c4f3a22967f47fadbcd0757ba93a680"
url = "https://github.com/DeusData/codebase-memory-mcp/releases/download/v0.9.0/codebase-memory-mcp-linux-arm64.tar.gz"
url_api = "https://api.github.com/repos/DeusData/codebase-memory-mcp/releases/assets/470188791"
provenance = "github-attestations"

[tools."github:DeusData/codebase-memory-mcp"."platforms.linux-x64"]
checksum = "sha256:e2832a8d207c26beaa30efa6222ed4a37cb3f526ca4bee060bfbf336ed6fc679"
url = "https://github.com/DeusData/codebase-memory-mcp/releases/download/v0.9.0/codebase-memory-mcp-linux-amd64.tar.gz"
url_api = "https://api.github.com/repos/DeusData/codebase-memory-mcp/releases/assets/470188787"
provenance = "github-attestations"
provenance_verified = true

[tools."github:DeusData/codebase-memory-mcp"."platforms.linux-x64-musl"]
checksum = "sha256:e2832a8d207c26beaa30efa6222ed4a37cb3f526ca4bee060bfbf336ed6fc679"
url = "https://github.com/DeusData/codebase-memory-mcp/releases/download/v0.9.0/codebase-memory-mcp-linux-amd64.tar.gz"
url_api = "https://api.github.com/repos/DeusData/codebase-memory-mcp/releases/assets/470188787"
provenance = "github-attestations"

[tools."github:DeusData/codebase-memory-mcp"."platforms.macos-arm64"]
checksum = "sha256:faa02f0404230c451a9812230394481948f80183801fa5bf67044b41c2f25ed4"
url = "https://github.com/DeusData/codebase-memory-mcp/releases/download/v0.9.0/codebase-memory-mcp-darwin-arm64.tar.gz"
url_api = "https://api.github.com/repos/DeusData/codebase-memory-mcp/releases/assets/470188783"
provenance = "github-attestations"

[tools."github:DeusData/codebase-memory-mcp"."platforms.macos-x64"]
checksum = "sha256:6af3d02a27f589901fa763d3971089337bc8c9838bbed5d0cf543ca9f1a9e543"
url = "https://github.com/DeusData/codebase-memory-mcp/releases/download/v0.9.0/codebase-memory-mcp-darwin-amd64.tar.gz"
url_api = "https://api.github.com/repos/DeusData/codebase-memory-mcp/releases/assets/470188782"
provenance = "github-attestations"

[tools."github:DeusData/codebase-memory-mcp"."platforms.windows-x64"]
checksum = "sha256:92f96896f952e539f0d6cb34d7892a25064b677ccbf808b8f8310ad897e86f2c"
url = "https://github.com/DeusData/codebase-memory-mcp/releases/download/v0.9.0/codebase-memory-mcp-windows-amd64.zip"
url_api = "https://api.github.com/repos/DeusData/codebase-memory-mcp/releases/assets/470188790"
provenance = "github-attestations"
