# @generated - this file is auto-generated by `mise lock` https://mise.jdx.dev/dev-tools/mise-lock.html

[[tools."github:DeusData/codebase-memory-mcp"]]
version = "0.11.0"
backend = "github:DeusData/codebase-memory-mcp"

[tools."github:DeusData/codebase-memory-mcp"."platforms.linux-arm64"]
checksum = "sha256:c0e46c87cf37e35f1ac0bd9cc7e1d8b0ca4ef40034e1008805d709fa52a4e38a"
url = "https://github.com/DeusData/codebase-memory-mcp/releases/download/v0.11.0/codebase-memory-mcp-linux-arm64.tar.gz"
url_api = "https://api.github.com/repos/DeusData/codebase-memory-mcp/releases/assets/566714375"
provenance = "github-attestations"

[tools."github:DeusData/codebase-memory-mcp"."platforms.linux-arm64-musl"]
checksum = "sha256:c0e46c87cf37e35f1ac0bd9cc7e1d8b0ca4ef40034e1008805d709fa52a4e38a"
url = "https://github.com/DeusData/codebase-memory-mcp/releases/download/v0.11.0/codebase-memory-mcp-linux-arm64.tar.gz"
url_api = "https://api.github.com/repos/DeusData/codebase-memory-mcp/releases/assets/566714375"
provenance = "github-attestations"

[tools."github:DeusData/codebase-memory-mcp"."platforms.linux-x64"]
checksum = "sha256:032b33c1833919a2d1de67ff6367fa6ea46aee8689c86ef223c88fae3b6e4536"
url = "https://github.com/DeusData/codebase-memory-mcp/releases/download/v0.11.0/codebase-memory-mcp-linux-amd64.tar.gz"
url_api = "https://api.github.com/repos/DeusData/codebase-memory-mcp/releases/assets/566714382"
provenance = "github-attestations"

[tools."github:DeusData/codebase-memory-mcp"."platforms.linux-x64-musl"]
checksum = "sha256:032b33c1833919a2d1de67ff6367fa6ea46aee8689c86ef223c88fae3b6e4536"
url = "https://github.com/DeusData/codebase-memory-mcp/releases/download/v0.11.0/codebase-memory-mcp-linux-amd64.tar.gz"
url_api = "https://api.github.com/repos/DeusData/codebase-memory-mcp/releases/assets/566714382"
provenance = "github-attestations"

[tools."github:DeusData/codebase-memory-mcp"."platforms.macos-arm64"]
checksum = "sha256:4dee7f38b63740e6751d7a7ed7eb10291c1f2a3ea2415f599dc68370ca0a2d18"
url = "https://github.com/DeusData/codebase-memory-mcp/releases/download/v0.11.0/codebase-memory-mcp-darwin-arm64.tar.gz"
url_api = "https://api.github.com/repos/DeusData/codebase-memory-mcp/releases/assets/566714371"
provenance = "github-attestations"

[tools."github:DeusData/codebase-memory-mcp"."platforms.macos-x64"]
checksum = "sha256:dbf1c73bfcbde64e7dde4cd1320da7afc02e2c972ee1789ae039521411f5132e"
url = "https://github.com/DeusData/codebase-memory-mcp/releases/download/v0.11.0/codebase-memory-mcp-darwin-amd64.tar.gz"
url_api = "https://api.github.com/repos/DeusData/codebase-memory-mcp/releases/assets/566714380"
provenance = "github-attestations"

[tools."github:DeusData/codebase-memory-mcp"."platforms.windows-x64"]
checksum = "sha256:6eb6beaf261b19e419766e78baf93cbc3cf1c6338cff8fb7c0234859f96d1685"
url = "https://github.com/DeusData/codebase-memory-mcp/releases/download/v0.11.0/codebase-memory-mcp-windows-amd64.zip"
url_api = "https://api.github.com/repos/DeusData/codebase-memory-mcp/releases/assets/566714396"
provenance = "github-attestations"
